
Microsoft Visual Studio Solution File, Format Version 12.00
# Visual Studio 15
VisualStudioVersion = 15.0.28307.1340
MinimumVisualStudioVersion = 10.0.40219.1
Project("{8BC9CEB8-8B4A-11D0-8D11-00A0C91BC942}") = "Server", "..\лаба 3\Server\Server.vcxproj", "{339456C9-774C-4997-A213-52C9162E9D21}"
EndProject
Project("{FAE04EC0-301F-11D3-BF4B-00C04F79EFBC}") = "Client", "Client\Client.csproj", "{7B22F6E8-77D2-44C6-B2E7-C73E1303DFF7}"
EndProject
Global
	GlobalSection(SolutionConfigurationPlatforms) = preSolution
		Debug|Any CPU = Debug|Any CPU
		Debug|x64 = Debug|x64
		Debug|x86 = Debug|x86
		Release|Any CPU = Release|Any CPU
		Release|x64 = Release|x64
		Release|x86 = Release|x86
	EndGlobalSection
	GlobalSection(ProjectConfigurationPlatforms) = postSolution
		{339456C9-774C-4997-A213-52C9162E9D21}.Debug|Any CPU.ActiveCfg = Debug|Win32
		{339456C9-774C-4997-A213-52C9162E9D21}.Debug|x64.ActiveCfg = Debug|x64
		{339456C9-774C-4997-A213-52C9162E9D21}.Debug|x64.Build.0 = Debug|x64
		{339456C9-774C-4997-A213-52C9162E9D21}.Debug|x86.ActiveCfg = Debug|Win32
		{339456C9-774C-4997-A213-52C9162E9D21}.Debug|x86.Build.0 = Debug|Win32
		{339456C9-774C-4997-A213-52C9162E9D21}.Release|Any CPU.ActiveCfg = Release|Win32
		{339456C9-774C-4997-A213-52C9162E9D21}.Release|x64.ActiveCfg = Release|x64
		{339456C9-774C-4997-A213-52C9162E9D21}.Release|x64.Build.0 = Release|x64
		{339456C9-774C-4997-A213-52C9162E9D21}.Release|x86.ActiveCfg = Release|Win32
		{339456C9-774C-4997-A213-52C9162E9D21}.Release|x86.Build.0 = Release|Win32
		{7B22F6E8-77D2-44C6-B2E7-C73E1303DFF7}.Debug|Any CPU.ActiveCfg = Debug|Any CPU
		{7B22F6E8-77D2-44C6-B2E7-C73E1303DFF7}.Debug|Any CPU.Build.0 = Debug|Any CPU
		{7B22F6E8-77D2-44C6-B2E7-C73E1303DFF7}.Debug|x64.ActiveCfg = Debug|Any CPU
		{7B22F6E8-77D2-44C6-B2E7-C73E1303DFF7}.Debug|x64.Build.0 = Debug|Any CPU
		{7B22F6E8-77D2-44C6-B2E7-C73E1303DFF7}.Debug|x86.ActiveCfg = Debug|Any CPU
		{7B22F6E8-77D2-44C6-B2E7-C73E1303DFF7}.Debug|x86.Build.0 = Debug|Any CPU
		{7B22F6E8-77D2-44C6-B2E7-C73E1303DFF7}.Release|Any CPU.ActiveCfg = Release|Any CPU
		{7B22F6E8-77D2-44C6-B2E7-C73E1303DFF7}.Release|Any CPU.Build.0 = Release|Any CPU
		{7B22F6E8-77D2-44C6-B2E7-C73E1303DFF7}.Release|x64.ActiveCfg = Release|Any CPU
		{7B22F6E8-77D2-44C6-B2E7-C73E1303DFF7}.Release|x64.Build.0 = Release|Any CPU
		{7B22F6E8-77D2-44C6-B2E7-C73E1303DFF7}.Release|x86.ActiveCfg = Release|Any CPU
		{7B22F6E8-77D2-44C6-B2E7-C73E1303DFF7}.Release|x86.Build.0 = Release|Any CPU
	EndGlobalSection
	GlobalSection(SolutionProperties) = preSolution
		HideSolutionNode = FALSE
	EndGlobalSection
	GlobalSection(ExtensibilityGlobals) = postSolution
		SolutionGuid = {7F002E6B-1C02-43A8-9D4F-68B412ADD969}
	EndGlobalSection
EndGlobal
